// !$*UTF8*$!
{
	archiveVersion = 1;
	classes = {
	};
	objectVersion = 46;
	objects = {

/* Begin PBXBuildFile section */
		530479C91DA560F500B717E5 /* idx.cpp in Sources */ = {isa = PBXBuildFile; fileRef = 530479C31DA560F500B717E5 /* idx.cpp */; };
		530479CA1DA560F500B717E5 /* main.cpp in Sources */ = {isa = PBXBuildFile; fileRef = 530479C51DA560F500B717E5 /* main.cpp */; };
		530479CB1DA560F500B717E5 /* shared.cpp in Sources */ = {isa = PBXBuildFile; fileRef = 530479C71DA560F500B717E5 /* shared.cpp */; };
/* End PBXBuildFile section */

/* Begin PBXCopyFilesBuildPhase section */
		530479B91DA560DA00B717E5 /* CopyFiles */ = {
			isa = PBXCopyFilesBuildPhase;
			buildActionMask = 2147483647;
			dstPath = /usr/share/man/man1/;
			dstSubfolderSpec = 0;
			files = (
			);
			runOnlyForDeploymentPostprocessing = 1;
		};
/* End PBXCopyFilesBuildPhase section */

/* Begin PBXFileReference section */
		530479BB1DA560DA00B717E5 /* xidx */ = {isa = PBXFileReference; explicitFileType = "compiled.mach-o.executable"; includeInIndex = 0; path = xidx; sourceTree = BUILT_PRODUCTS_DIR; };
		530479C31DA560F500B717E5 /* idx.cpp */ = {isa = PBXFileReference; fileEncoding = 4; lastKnownFileType = sourcecode.cpp.cpp; path = idx.cpp; sourceTree = "<group>"; };
		530479C41DA560F500B717E5 /* idx.h */ = {isa = PBXFileReference; fileEncoding = 4; lastKnownFileType = sourcecode.c.h; path = idx.h; sourceTree = "<group>"; };
		530479C51DA560F500B717E5 /* main.cpp */ = {isa = PBXFileReference; fileEncoding = 4; lastKnownFileType = sourcecode.cpp.cpp; path = main.cpp; sourceTree = "<group>"; };
		530479C61DA560F500B717E5 /* main.h */ = {isa = PBXFileReference; fileEncoding = 4; lastKnownFileType = sourcecode.c.h; path = main.h; sourceTree = "<group>"; };
		530479C71DA560F500B717E5 /* shared.cpp */ = {isa = PBXFileReference; fileEncoding = 4; lastKnownFileType = sourcecode.cpp.cpp; path = shared.cpp; sourceTree = "<group>"; };
		530479C81DA560F500B717E5 /* shared.h */ = {isa = PBXFileReference; fileEncoding = 4; lastKnownFileType = sourcecode.c.h; path = shared.h; sourceTree = "<group>"; };
		530479CC1DA5692400B717E5 /* licence.txt */ = {isa = PBXFileReference; lastKnownFileType = text; path = licence.txt; sourceTree = "<group>"; };
		530479CD1DA5692400B717E5 /* makefile */ = {isa = PBXFileReference; lastKnownFileType = sourcecode.make; path = makefile; sourceTree = "<group>"; };
		530479CE1DA5692400B717E5 /* ReadMe.txt */ = {isa = PBXFileReference; lastKnownFileType = text; path = ReadMe.txt; sourceTree = "<group>"; };
/* End PBXFileReference section */

/* Begin PBXFrameworksBuildPhase section */
		530479B81DA560DA00B717E5 /* Frameworks */ = {
			isa = PBXFrameworksBuildPhase;
			buildActionMask = 2147483647;
			files = (
			);
			runOnlyForDeploymentPostprocessing = 0;
		};
/* End PBXFrameworksBuildPhase section */

/* Begin PBXGroup section */
		530479B01DA560A900B717E5 = {
			isa = PBXGroup;
			children = (
				530479BD1DA560DA00B717E5 /* Source */,
				530479BC1DA560DA00B717E5 /* Products */,
				530479CC1DA5692400B717E5 /* licence.txt */,
				530479CD1DA5692400B717E5 /* makefile */,
				530479CE1DA5692400B717E5 /* ReadMe.txt */,
			);
			sourceTree = "<group>";
		};
		530479BC1DA560DA00B717E5 /* Products */ = {
			isa = PBXGroup;
			children = (
				530479BB1DA560DA00B717E5 /* xidx */,
			);
			name = Products;
			sourceTree = "<group>";
		};
		530479BD1DA560DA00B717E5 /* Source */ = {
			isa = PBXGroup;
			children = (
				530479C31DA560F500B717E5 /* idx.cpp */,
				530479C41DA560F500B717E5 /* idx.h */,
				530479C51DA560F500B717E5 /* main.cpp */,
				530479C61DA560F500B717E5 /* main.h */,
				530479C71DA560F500B717E5 /* shared.cpp */,
				530479C81DA560F500B717E5 /* shared.h */,
			);
			name = Source;
			path = src;
			sourceTree = "<group>";
		};
/* End PBXGroup section */

/* Begin PBXNativeTarget section */
		530479BA1DA560DA00B717E5 /* xidx */ = {
			isa = PBXNativeTarget;
			buildConfigurationList = 530479C01DA560DA00B717E5 /* Build configuration list for PBXNativeTarget "xidx" */;
			buildPhases = (
				530479B71DA560DA00B717E5 /* Sources */,
				530479B81DA560DA00B717E5 /* Frameworks */,
				530479B91DA560DA00B717E5 /* CopyFiles */,
			);
			buildRules = (
			);
			dependencies = (
			);
			name = xidx;
			productName = XIDX;
			productReference = 530479BB1DA560DA00B717E5 /* xidx */;
			productType = "com.apple.product-type.tool";
		};
/* End PBXNativeTarget section */

/* Begin PBXProject section */
		530479B11DA560A900B717E5 /* Project object */ = {
			isa = PBXProject;
			attributes = {
				LastUpgradeCheck = 0800;
				TargetAttributes = {
					530479BA1DA560DA00B717E5 = {
						CreatedOnToolsVersion = 8.0;
						ProvisioningStyle = Automatic;
					};
				};
			};
			buildConfigurationList = 530479B41DA560A900B717E5 /* Build configuration list for PBXProject "XIDX" */;
			compatibilityVersion = "Xcode 3.2";
			developmentRegion = English;
			hasScannedForEncodings = 0;
			knownRegions = (
				en,
			);
			mainGroup = 530479B01DA560A900B717E5;
			productRefGroup = 530479BC1DA560DA00B717E5 /* Products */;
			projectDirPath = "";
			projectRoot = "";
			targets = (
				530479BA1DA560DA00B717E5 /* xidx */,
			);
		};
/* End PBXProject section */

/* Begin PBXSourcesBuildPhase section */
		530479B71DA560DA00B717E5 /* Sources */ = {
			isa = PBXSourcesBuildPhase;
			buildActionMask = 2147483647;
			files = (
				530479C91DA560F500B717E5 /* idx.cpp in Sources */,
				530479CB1DA560F500B717E5 /* shared.cpp in Sources */,
				530479CA1DA560F500B717E5 /* main.cpp in Sources */,
			);
			runOnlyForDeploymentPostprocessing = 0;
		};
/* End PBXSourcesBuildPhase section */

/* Begin XCBuildConfiguration section */
		530479B51DA560A900B717E5 /* Debug */ = {
			isa = XCBuildConfiguration;
			buildSettings = {
			};
			name = Debug;
		};
		530479B61DA560A900B717E5 /* Release */ = {
			isa = XCBuildConfiguration;
			buildSettings = {
			};
			name = Release;
		};
		530479C11DA560DA00B717E5 /* Debug */ = {
			isa = XCBuildConfiguration;
			buildSettings = {
				ALWAYS_SEARCH_USER_PATHS = NO;
				CLANG_ANALYZER_NONNULL = YES;
				CLANG_CXX_LANGUAGE_STANDARD = "gnu++0x";
				CLANG_CXX_LIBRARY = "libc++";
				CLANG_ENABLE_MODULES = YES;
				CLANG_ENABLE_OBJC_ARC = YES;
				CLANG_WARN_BOOL_CONVERSION = YES;
				CLANG_WARN_CONSTANT_CONVERSION = YES;
				CLANG_WARN_DIRECT_OBJC_ISA_USAGE = YES_ERROR;
				CLANG_WARN_DOCUMENTATION_COMMENTS = YES;
				CLANG_WARN_EMPTY_BODY = YES;
				CLANG_WARN_ENUM_CONVERSION = YES;
				CLANG_WARN_INFINITE_RECURSION = YES;
				CLANG_WARN_INT_CONVERSION = YES;
				CLANG_WARN_OBJC_ROOT_CLASS = YES_ERROR;
				CLANG_WARN_SUSPICIOUS_MOVES = YES;
				CLANG_WARN_UNREACHABLE_CODE = YES;
				CLANG_WARN__DUPLICATE_METHOD_MATCH = YES;
				CODE_SIGN_IDENTITY = "-";
				COPY_PHASE_STRIP = NO;
				DEBUG_INFORMATION_FORMAT = dwarf;
				ENABLE_STRICT_OBJC_MSGSEND = YES;
				ENABLE_TESTABILITY = YES;
				GCC_C_LANGUAGE_STANDARD = gnu99;
				GCC_DYNAMIC_NO_PIC = NO;
				GCC_NO_COMMON_BLOCKS = YES;
				GCC_OPTIMIZATION_LEVEL = 0;
				GCC_PREPROCESSOR_DEFINITIONS = (
					"DEBUG=1",
					"$(inherited)",
				);
				GCC_WARN_64_TO_32_BIT_CONVERSION = YES;
				GCC_WARN_ABOUT_RETURN_TYPE = YES_ERROR;
				GCC_WARN_UNDECLARED_SELECTOR = YES;
				GCC_WARN_UNINITIALIZED_AUTOS = YES_AGGRESSIVE;
				GCC_WARN_UNUSED_FUNCTION = YES;
				GCC_WARN_UNUSED_VARIABLE = YES;
				MACOSX_DEPLOYMENT_TARGET = 10.12;
				MTL_ENABLE_DEBUG_INFO = YES;
				ONLY_ACTIVE_ARCH = YES;
				PRODUCT_NAME = "$(TARGET_NAME)";
				SDKROOT = macosx;
			};
			name = Debug;
		};
		530479C21DA560DA00B717E5 /* Release */ = {
			isa = XCBuildConfiguration;
			buildSettings = {
				ALWAYS_SEARCH_USER_PATHS = NO;
				CLANG_ANALYZER_NONNULL = YES;
				CLANG_CXX_LANGUAGE_STANDARD = "gnu++0x";
				CLANG_CXX_LIBRARY = "libc++";
				CLANG_ENABLE_MODULES = YES;
				CLANG_ENABLE_OBJC_ARC = YES;
				CLANG_WARN_BOOL_CONVERSION = YES;
				CLANG_WARN_CONSTANT_CONVERSION = YES;
				CLANG_WARN_DIRECT_OBJC_ISA_USAGE = YES_ERROR;
				CLANG_WARN_DOCUMENTATION_COMMENTS = YES;
				CLANG_WARN_EMPTY_BODY = YES;
				CLANG_WARN_ENUM_CONVERSION = YES;
				CLANG_WARN_INFINITE_RECURSION = YES;
				CLANG_WARN_INT_CONVERSION = YES;
				CLANG_WARN_OBJC_ROOT_CLASS = YES_ERROR;
				CLANG_WARN_SUSPICIOUS_MOVES = YES;
				CLANG_WARN_UNREACHABLE_CODE = YES;
				CLANG_WARN__DUPLICATE_METHOD_MATCH = YES;
				CODE_SIGN_IDENTITY = "-";
				COPY_PHASE_STRIP = NO;
				DEBUG_INFORMATION_FORMAT = "dwarf-with-dsym";
				ENABLE_NS_ASSERTIONS = NO;
				ENABLE_STRICT_OBJC_MSGSEND = YES;
				GCC_C_LANGUAGE_STANDARD = gnu99;
				GCC_NO_COMMON_BLOCKS = YES;
				GCC_WARN_64_TO_32_BIT_CONVERSION = YES;
				GCC_WARN_ABOUT_RETURN_TYPE = YES_ERROR;
				GCC_WARN_UNDECLARED_SELECTOR = YES;
				GCC_WARN_UNINITIALIZED_AUTOS = YES_AGGRESSIVE;
				GCC_WARN_UNUSED_FUNCTION = YES;
				GCC_WARN_UNUSED_VARIABLE = YES;
				MACOSX_DEPLOYMENT_TARGET = 10.12;
				MTL_ENABLE_DEBUG_INFO = NO;
				PRODUCT_NAME = "$(TARGET_NAME)";
				SDKROOT = macosx;
			};
			name = Release;
		};
/* End XCBuildConfiguration section */

/* Begin XCConfigurationList section */
		530479B41DA560A900B717E5 /* Build configuration list for PBXProject "XIDX" */ = {
			isa = XCConfigurationList;
			buildConfigurations = (
				530479B51DA560A900B717E5 /* Debug */,
				530479B61DA560A900B717E5 /* Release */,
			);
			defaultConfigurationIsVisible = 0;
			defaultConfigurationName = Release;
		};
		530479C01DA560DA00B717E5 /* Build configuration list for PBXNativeTarget "xidx" */ = {
			isa = XCConfigurationList;
			buildConfigurations = (
				530479C11DA560DA00B717E5 /* Debug */,
				530479C21DA560DA00B717E5 /* Release */,
			);
			defaultConfigurationIsVisible = 0;
			defaultConfigurationName = Release;
		};
/* End XCConfigurationList section */
	};
	rootObject = 530479B11DA560A900B717E5 /* Project object */;
}
